// !$*UTF8*$!
{
	archiveVersion = 1;
	classes = {
	};
	objectVersion = 50;
	objects = {

/* Begin PBXBuildFile section */
		54A7C98723EA745F005CB78D /* AppDelegate.swift in Sources */ = {isa = PBXBuildFile; fileRef = 54A7C98623EA745F005CB78D /* AppDelegate.swift */; };
		54A7C98923EA745F005CB78D /* SceneDelegate.swift in Sources */ = {isa = PBXBuildFile; fileRef = 54A7C98823EA745F005CB78D /* SceneDelegate.swift */; };
		54A7C98B23EA745F005CB78D /* TodoViewController.swift in Sources */ = {isa = PBXBuildFile; fileRef = 54A7C98A23EA745F005CB78D /* TodoViewController.swift */; };
		54A7C98E23EA745F005CB78D /* Main.storyboard in Resources */ = {isa = PBXBuildFile; fileRef = 54A7C98C23EA745F005CB78D /* Main.storyboard */; };
		54A7C99023EA7462005CB78D /* Assets.xcassets in Resources */ = {isa = PBXBuildFile; fileRef = 54A7C98F23EA7462005CB78D /* Assets.xcassets */; };
		54A7C99323EA7462005CB78D /* LaunchScreen.storyboard in Resources */ = {isa = PBXBuildFile; fileRef = 54A7C99123EA7462005CB78D /* LaunchScreen.storyboard */; };
		54A7C99B23EC81E3005CB78D /* TodoListItem.swift in Sources */ = {isa = PBXBuildFile; fileRef = 54A7C99A23EC81E3005CB78D /* TodoListItem.swift */; };
/* End PBXBuildFile section */

/* Begin PBXFileReference section */
		54A7C98323EA745F005CB78D /* Todoey.app */ = {isa = PBXFileReference; explicitFileType = wrapper.application; includeInIndex = 0; path = Todoey.app; sourceTree = BUILT_PRODUCTS_DIR; };
		54A7C98623EA745F005CB78D /* AppDelegate.swift */ = {isa = PBXFileReference; lastKnownFileType = sourcecode.swift; path = AppDelegate.swift; sourceTree = "<group>"; };
		54A7C98823EA745F005CB78D /* SceneDelegate.swift */ = {isa = PBXFileReference; lastKnownFileType = sourcecode.swift; path = SceneDelegate.swift; sourceTree = "<group>"; };
		54A7C98A23EA745F005CB78D /* TodoViewController.swift */ = {isa = PBXFileReference; lastKnownFileType = sourcecode.swift; path = TodoViewController.swift; sourceTree = "<group>"; };
		54A7C98D23EA745F005CB78D /* Base */ = {isa = PBXFileReference; lastKnownFileType = file.storyboard; name = Base; path = Base.lproj/Main.storyboard; sourceTree = "<group>"; };
		54A7C98F23EA7462005CB78D /* Assets.xcassets */ = {isa = PBXFileReference; lastKnownFileType = folder.assetcatalog; path = Assets.xcassets; sourceTree = "<group>"; };
		54A7C99223EA7462005CB78D /* Base */ = {isa = PBXFileReference; lastKnownFileType = file.storyboard; name = Base; path = Base.lproj/LaunchScreen.storyboard; sourceTree = "<group>"; };
		54A7C99423EA7462005CB78D /* Info.plist */ = {isa = PBXFileReference; lastKnownFileType = text.plist.xml; path = Info.plist; sourceTree = "<group>"; };
		54A7C99A23EC81E3005CB78D /* TodoListItem.swift */ = {isa = PBXFileReference; lastKnownFileType = sourcecode.swift; path = TodoListItem.swift; sourceTree = "<group>"; };
/* End PBXFileReference section */

/* Begin PBXFrameworksBuildPhase section */
		54A7C98023EA745F005CB78D /* Frameworks */ = {
			isa = PBXFrameworksBuildPhase;
			buildActionMask = 2147483647;
			files = (
			);
			runOnlyForDeploymentPostprocessing = 0;
		};
/* End PBXFrameworksBuildPhase section */

/* Begin PBXGroup section */
		54A7C97A23EA745F005CB78D = {
			isa = PBXGroup;
			children = (
				54A7C98523EA745F005CB78D /* Todoey */,
				54A7C98423EA745F005CB78D /* Products */,
			);
			sourceTree = "<group>";
		};
		54A7C98423EA745F005CB78D /* Products */ = {
			isa = PBXGroup;
			children = (
				54A7C98323EA745F005CB78D /* Todoey.app */,
			);
			name = Products;
			sourceTree = "<group>";
		};
		54A7C98523EA745F005CB78D /* Todoey */ = {
			isa = PBXGroup;
			children = (
				54A7C98623EA745F005CB78D /* AppDelegate.swift */,
				54A7C98823EA745F005CB78D /* SceneDelegate.swift */,
				54A7C99C23EC9384005CB78D /* Model */,
				54A7C99D23EC9389005CB78D /* View */,
				54A7C99E23EC938E005CB78D /* Controller */,
				54A7C98F23EA7462005CB78D /* Assets.xcassets */,
				54A7C99123EA7462005CB78D /* LaunchScreen.storyboard */,
				54A7C99423EA7462005CB78D /* Info.plist */,
			);
			path = Todoey;
			sourceTree = "<group>";
		};
		54A7C99C23EC9384005CB78D /* Model */ = {
			isa = PBXGroup;
			children = (
				54A7C99A23EC81E3005CB78D /* TodoListItem.swift */,
			);
			path = Model;
			sourceTree = "<group>";
		};
		54A7C99D23EC9389005CB78D /* View */ = {
			isa = PBXGroup;
			children = (
				54A7C98C23EA745F005CB78D /* Main.storyboard */,
			);
			path = View;
			sourceTree = "<group>";
		};
		54A7C99E23EC938E005CB78D /* Controller */ = {
			isa = PBXGroup;
			children = (
				54A7C98A23EA745F005CB78D /* TodoViewController.swift */,
			);
			path = Controller;
			sourceTree = "<group>";
		};
/* End PBXGroup section */

/* Begin PBXNativeTarget section */
		54A7C98223EA745F005CB78D /* Todoey */ = {
			isa = PBXNativeTarget;
			buildConfigurationList = 54A7C99723EA7462005CB78D /* Build configuration list for PBXNativeTarget "Todoey" */;
			buildPhases = (
				54A7C97F23EA745F005CB78D /* Sources */,
				54A7C98023EA745F005CB78D /* Frameworks */,
				54A7C98123EA745F005CB78D /* Resources */,
			);
			buildRules = (
			);
			dependencies = (
			);
			name = Todoey;
			productName = Todoey;
			productReference = 54A7C98323EA745F005CB78D /* Todoey.app */;
			productType = "com.apple.product-type.application";
		};
/* End PBXNativeTarget section */

/* Begin PBXProject section */
		54A7C97B23EA745F005CB78D /* Project object */ = {
			isa = PBXProject;
			attributes = {
				LastSwiftUpdateCheck = 1130;
				LastUpgradeCheck = 1130;
				ORGANIZATIONNAME = "Shikhar Kumar";
				TargetAttributes = {
					54A7C98223EA745F005CB78D = {
						CreatedOnToolsVersion = 11.3.1;
					};
				};
			};
			buildConfigurationList = 54A7C97E23EA745F005CB78D /* Build configuration list for PBXProject "Todoey" */;
			compatibilityVersion = "Xcode 9.3";
			developmentRegion = en;
			hasScannedForEncodings = 0;
			knownRegions = (
				en,
				Base,
			);
			mainGroup = 54A7C97A23EA745F005CB78D;
			productRefGroup = 54A7C98423EA745F005CB78D /* Products */;
			projectDirPath = "";
			projectRoot = "";
			targets = (
				54A7C98223EA745F005CB78D /* Todoey */,
			);
		};
/* End PBXProject section */

/* Begin PBXResourcesBuildPhase section */
		54A7C98123EA745F005CB78D /* Resources */ = {
			isa = PBXResourcesBuildPhase;
			buildActionMask = 2147483647;
			files = (
				54A7C99323EA7462005CB78D /* LaunchScreen.storyboard in Resources */,
				54A7C99023EA7462005CB78D /* Assets.xcassets in Resources */,
				54A7C98E23EA745F005CB78D /* Main.storyboard in Resources */,
			);
			runOnlyForDeploymentPostprocessing = 0;
		};
/* End PBXResourcesBuildPhase section */

/* Begin PBXSourcesBuildPhase section */
		54A7C97F23EA745F005CB78D /* Sources */ = {
			isa = PBXSourcesBuildPhase;
			buildActionMask = 2147483647;
			files = (
				54A7C98B23EA745F005CB78D /* TodoViewController.swift in Sources */,
				54A7C98723EA745F005CB78D /* AppDelegate.swift in Sources */,
				54A7C99B23EC81E3005CB78D /* TodoListItem.swift in Sources */,
				54A7C98923EA745F005CB78D /* SceneDelegate.swift in Sources */,
			);
			runOnlyForDeploymentPostprocessing = 0;
		};
/* End PBXSourcesBuildPhase section */

/* Begin PBXVariantGroup section */
		54A7C98C23EA745F005CB78D /* Main.storyboard */ = {
			isa = PBXVariantGroup;
			children = (
				54A7C98D23EA745F005CB78D /* Base */,
			);
			name = Main.storyboard;
			sourceTree = "<group>";
		};
		54A7C99123EA7462005CB78D /* LaunchScreen.storyboard */ = {
			isa = PBXVariantGroup;
			children = (
				54A7C99223EA7462005CB78D /* Base */,
			);
			name = LaunchScreen.storyboard;
			sourceTree = "<group>";
		};
/* End PBXVariantGroup section */

/* Begin XCBuildConfiguration section */
		54A7C99523EA7462005CB78D /* Debug */ = {
			isa = XCBuildConfiguration;
			buildSettings = {
				ALWAYS_SEARCH_USER_PATHS = NO;
				CLANG_ANALYZER_NONNULL = YES;
				CLANG_ANALYZER_NUMBER_OBJECT_CONVERSION = YES_AGGRESSIVE;
				CLANG_CXX_LANGUAGE_STANDARD = "gnu++14";
				CLANG_CXX_LIBRARY = "libc++";
				CLANG_ENABLE_MODULES = YES;
				CLANG_ENABLE_OBJC_ARC = YES;
				CLANG_ENABLE_OBJC_WEAK = YES;
				CLANG_WARN_BLOCK_CAPTURE_AUTORELEASING = YES;
				CLANG_WARN_BOOL_CONVERSION = YES;
				CLANG_WARN_COMMA = YES;
				CLANG_WARN_CONSTANT_CONVERSION = YES;
				CLANG_WARN_DEPRECATED_OBJC_IMPLEMENTATIONS = YES;
				CLANG_WARN_DIRECT_OBJC_ISA_USAGE = YES_ERROR;
				CLANG_WARN_DOCUMENTATION_COMMENTS = YES;
				CLANG_WARN_EMPTY_BODY = YES;
				CLANG_WARN_ENUM_CONVERSION = YES;
				CLANG_WARN_INFINITE_RECURSION = YES;
				CLANG_WARN_INT_CONVERSION = YES;
				CLANG_WARN_NON_LITERAL_NULL_CONVERSION = YES;
				CLANG_WARN_OBJC_IMPLICIT_RETAIN_SELF = YES;
				CLANG_WARN_OBJC_LITERAL_CONVERSION = YES;
				CLANG_WARN_OBJC_ROOT_CLASS = YES_ERROR;
				CLANG_WARN_RANGE_LOOP_ANALYSIS = YES;
				CLANG_WARN_STRICT_PROTOTYPES = YES;
				CLANG_WARN_SUSPICIOUS_MOVE = YES;
				CLANG_WARN_UNGUARDED_AVAILABILITY = YES_AGGRESSIVE;
				CLANG_WARN_UNREACHABLE_CODE = YES;
				CLANG_WARN__DUPLICATE_METHOD_MATCH = YES;
				COPY_PHASE_STRIP = NO;
				DEBUG_INFORMATION_FORMAT = dwarf;
				ENABLE_STRICT_OBJC_MSGSEND = YES;
				ENABLE_TESTABILITY = YES;
				GCC_C_LANGUAGE_STANDARD = gnu11;
				GCC_DYNAMIC_NO_PIC = NO;
				GCC_NO_COMMON_BLOCKS = YES;
				GCC_OPTIMIZATION_LEVEL = 0;
				GCC_PREPROCESSOR_DEFINITIONS = (
					"DEBUG=1",
					"$(inherited)",
				);
				GCC_WARN_64_TO_32_BIT_CONVERSION = YES;
				GCC_WARN_ABOUT_RETURN_TYPE = YES_ERROR;
				GCC_WARN_UNDECLARED_SELECTOR = YES;
				GCC_WARN_UNINITIALIZED_AUTOS = YES_AGGRESSIVE;
				GCC_WARN_UNUSED_FUNCTION = YES;
				GCC_WARN_UNUSED_VARIABLE = YES;
				IPHONEOS_DEPLOYMENT_TARGET = 13.2;
				MTL_ENABLE_DEBUG_INFO = INCLUDE_SOURCE;
				MTL_FAST_MATH = YES;
				ONLY_ACTIVE_ARCH = YES;
				SDKROOT = iphoneos;
				SWIFT_ACTIVE_COMPILATION_CONDITIONS = DEBUG;
				SWIFT_OPTIMIZATION_LEVEL = "-Onone";
			};
			name = Debug;
		};
		54A7C99623EA7462005CB78D /* Release */ = {
			isa = XCBuildConfiguration;
			buildSettings = {
				ALWAYS_SEARCH_USER_PATHS = NO;
				CLANG_ANALYZER_NONNULL = YES;
				CLANG_ANALYZER_NUMBER_OBJECT_CONVERSION = YES_AGGRESSIVE;
				CLANG_CXX_LANGUAGE_STANDARD = "gnu++14";
				CLANG_CXX_LIBRARY = "libc++";
				CLANG_ENABLE_MODULES = YES;
				CLANG_ENABLE_OBJC_ARC = YES;
				CLANG_ENABLE_OBJC_WEAK = YES;
				CLANG_WARN_BLOCK_CAPTURE_AUTORELEASING = YES;
				CLANG_WARN_BOOL_CONVERSION = YES;
				CLANG_WARN_COMMA = YES;
				CLANG_WARN_CONSTANT_CONVERSION = YES;
				CLANG_WARN_DEPRECATED_OBJC_IMPLEMENTATIONS = YES;
				CLANG_WARN_DIRECT_OBJC_ISA_USAGE = YES_ERROR;
				CLANG_WARN_DOCUMENTATION_COMMENTS = YES;
				CLANG_WARN_EMPTY_BODY = YES;
				CLANG_WARN_ENUM_CONVERSION = YES;
				CLANG_WARN_INFINITE_RECURSION = YES;
				CLANG_WARN_INT_CONVERSION = YES;
				CLANG_WARN_NON_LITERAL_NULL_CONVERSION = YES;
				CLANG_WARN_OBJC_IMPLICIT_RETAIN_SELF = YES;
				CLANG_WARN_OBJC_LITERAL_CONVERSION = YES;
				CLANG_WARN_OBJC_ROOT_CLASS = YES_ERROR;
				CLANG_WARN_RANGE_LOOP_ANALYSIS = YES;
				CLANG_WARN_STRICT_PROTOTYPES = YES;
				CLANG_WARN_SUSPICIOUS_MOVE = YES;
				CLANG_WARN_UNGUARDED_AVAILABILITY = YES_AGGRESSIVE;
				CLANG_WARN_UNREACHABLE_CODE = YES;
				CLANG_WARN__DUPLICATE_METHOD_MATCH = YES;
				COPY_PHASE_STRIP = NO;
				DEBUG_INFORMATION_FORMAT = "dwarf-with-dsym";
				ENABLE_NS_ASSERTIONS = NO;
				ENABLE_STRICT_OBJC_MSGSEND = YES;
				GCC_C_LANGUAGE_STANDARD = gnu11;
				GCC_NO_COMMON_BLOCKS = YES;
				GCC_WARN_64_TO_32_BIT_CONVERSION = YES;
				GCC_WARN_ABOUT_RETURN_TYPE = YES_ERROR;
				GCC_WARN_UNDECLARED_SELECTOR = YES;
				GCC_WARN_UNINITIALIZED_AUTOS = YES_AGGRESSIVE;
				GCC_WARN_UNUSED_FUNCTION = YES;
				GCC_WARN_UNUSED_VARIABLE = YES;
				IPHONEOS_DEPLOYMENT_TARGET = 13.2;
				MTL_ENABLE_DEBUG_INFO = NO;
				MTL_FAST_MATH = YES;
				SDKROOT = iphoneos;
				SWIFT_COMPILATION_MODE = wholemodule;
				SWIFT_OPTIMIZATION_LEVEL = "-O";
				VALIDATE_PRODUCT = YES;
			};
			name = Release;
		};
		54A7C99823EA7462005CB78D /* Debug */ = {
			isa = XCBuildConfiguration;
			buildSettings = {
				ASSETCATALOG_COMPILER_APPICON_NAME = AppIcon;
				CODE_SIGN_STYLE = Automatic;
				DEVELOPMENT_TEAM = BJTS8L78K6;
				INFOPLIST_FILE = Todoey/Info.plist;
				LD_RUNPATH_SEARCH_PATHS = (
					"$(inherited)",
					"@executable_path/Frameworks",
				);
				PRODUCT_BUNDLE_IDENTIFIER = com.kumarshikhar.Todoey;
				PRODUCT_NAME = "$(TARGET_NAME)";
				SWIFT_VERSION = 5.0;
				TARGETED_DEVICE_FAMILY = "1,2";
			};
			name = Debug;
		};
		54A7C99923EA7462005CB78D /* Release */ = {
			isa = XCBuildConfiguration;
			buildSettings = {
				ASSETCATALOG_COMPILER_APPICON_NAME = AppIcon;
				CODE_SIGN_STYLE = Automatic;
				DEVELOPMENT_TEAM = BJTS8L78K6;
				INFOPLIST_FILE = Todoey/Info.plist;
				LD_RUNPATH_SEARCH_PATHS = (
					"$(inherited)",
					"@executable_path/Frameworks",
				);
				PRODUCT_BUNDLE_IDENTIFIER = com.kumarshikhar.Todoey;
				PRODUCT_NAME = "$(TARGET_NAME)";
				SWIFT_VERSION = 5.0;
				TARGETED_DEVICE_FAMILY = "1,2";
			};
			name = Release;
		};
/* End XCBuildConfiguration section */

/* Begin XCConfigurationList section */
		54A7C97E23EA745F005CB78D /* Build configuration list for PBXProject "Todoey" */ = {
			isa = XCConfigurationList;
			buildConfigurations = (
				54A7C99523EA7462005CB78D /* Debug */,
				54A7C99623EA7462005CB78D /* Release */,
			);
			defaultConfigurationIsVisible = 0;
			defaultConfigurationName = Release;
		};
		54A7C99723EA7462005CB78D /* Build configuration list for PBXNativeTarget "Todoey" */ = {
			isa = XCConfigurationList;
			buildConfigurations = (
				54A7C99823EA7462005CB78D /* Debug */,
				54A7C99923EA7462005CB78D /* Release */,
			);
			defaultConfigurationIsVisible = 0;
			defaultConfigurationName = Release;
		};
/* End XCConfigurationList section */
	};
	rootObject = 54A7C97B23EA745F005CB78D /* Project object */;
}
